lockfileVersion: '9.0'

settings:
  autoInstallPeers: true
  excludeLinksFromLockfile: false

importers:

  .:
    dependencies:
      '@ffmpeg/core':
        specifier: ^0.12.6
        version: 0.12.10
      '@ffmpeg/ffmpeg':
        specifier: ^0.12.10
        version: 0.12.15
      color:
        specifier: ^5.0.0
        version: 5.0.3
      just-random-integer:
        specifier: ^4.2.0
        version: 4.2.0
      resource-loader:
        specifier: 4.0.0-rc4
        version: 4.0.0-rc4
    devDependencies:
      '@types/color':
        specifier: ^4.2.0
        version: 4.2.1
      '@types/css-font-loading-module':
        specifier: ^0.0.14
        version: 0.0.14
      typescript:
        specifier: ^5.6.3
        version: 5.9.3
      vite:
        specifier: ^8.0.7
        version: 8.0.9(esbuild@0.27.2)

packages:

  '@emnapi/core@1.9.2':
    resolution: {integrity: sha512-UC+ZhH3XtczQYfOlu3lNEkdW/p4dsJ1r/bP7H8+rhao3TTTMO1ATq/4DdIi23XuGoFY+Cz0JmCbdVl0hz9jZcA==}

  '@emnapi/runtime@1.9.2':
    resolution: {integrity: sha512-3U4+MIWHImeyu1wnmVygh5WlgfYDtyf0k8AbLhMFxOipihf6nrWC4syIm/SwEeec0mNSafiiNnMJwbza/Is6Lw==}

  '@emnapi/wasi-threads@1.2.1':
    resolution: {integrity: sha512-uTII7OYF+/Mes/MrcIOYp5yOtSMLBWSIoLPpcgwipoiKbli6k322tcoFsxoIIxPDqW01SQGAgko4EzZi2BNv2w==}

  '@esbuild/aix-ppc64@0.27.2':
    resolution: {integrity: sha512-GZMB+a0mOMZs4MpDbj8RJp4cw+w1WV5NYD6xzgvzUJ5Ek2jerwfO2eADyI6ExDSUED+1X8aMbegahsJi+8mgpw==}
    engines: {node: '>=18'}
    cpu: [ppc64]
    os: [aix]

  '@esbuild/android-arm64@0.27.2':
    resolution: {integrity: sha512-pvz8ZZ7ot/RBphf8fv60ljmaoydPU12VuXHImtAs0XhLLw+EXBi2BLe3OYSBslR4rryHvweW5gmkKFwTiFy6KA==}
    engines: {node: '>=18'}
    cpu: [arm64]
    os: [android]

  '@esbuild/android-arm@0.27.2':
    resolution: {integrity: sha512-DVNI8jlPa7Ujbr1yjU2PfUSRtAUZPG9I1RwW4F4xFB1Imiu2on0ADiI/c3td+KmDtVKNbi+nffGDQMfcIMkwIA==}
    engines: {node: '>=18'}
    cpu: [arm]
    os: [android]

  '@esbuild/android-x64@0.27.2':
    resolution: {integrity: sha512-z8Ank4Byh4TJJOh4wpz8g2vDy75zFL0TlZlkUkEwYXuPSgX8yzep596n6mT7905kA9uHZsf/o2OJZubl2l3M7A==}
    engines: {node: '>=18'}
    cpu: [x64]
    os: [android]

  '@esbuild/darwin-arm64@0.27.2':
    resolution: {integrity: sha512-davCD2Zc80nzDVRwXTcQP/28fiJbcOwvdolL0sOiOsbwBa72kegmVU0Wrh1MYrbuCL98Omp5dVhQFWRKR2ZAlg==}
    engines: {node: '>=18'}
    cpu: [arm64]
    os: [darwin]

  '@esbuild/darwin-x64@0.27.2':
    resolution: {integrity: sha512-ZxtijOmlQCBWGwbVmwOF/UCzuGIbUkqB1faQRf5akQmxRJ1ujusWsb3CVfk/9iZKr2L5SMU5wPBi1UWbvL+VQA==}
    engines: {node: '>=18'}
    cpu: [x64]
    os: [darwin]

  '@esbuild/freebsd-arm64@0.27.2':
    resolution: {integrity: sha512-lS/9CN+rgqQ9czogxlMcBMGd+l8Q3Nj1MFQwBZJyoEKI50XGxwuzznYdwcav6lpOGv5BqaZXqvBSiB/kJ5op+g==}
    engines: {node: '>=18'}
    cpu: [arm64]
    os: [freebsd]

  '@esbuild/freebsd-x64@0.27.2':
    resolution: {integrity: sha512-tAfqtNYb4YgPnJlEFu4c212HYjQWSO/w/h/lQaBK7RbwGIkBOuNKQI9tqWzx7Wtp7bTPaGC6MJvWI608P3wXYA==}
    engines: {node: '>=18'}
    cpu: [x64]
    os: [freebsd]

  '@esbuild/linux-arm64@0.27.2':
    resolution: {integrity: sha512-hYxN8pr66NsCCiRFkHUAsxylNOcAQaxSSkHMMjcpx0si13t1LHFphxJZUiGwojB1a/Hd5OiPIqDdXONia6bhTw==}
    engines: {node: '>=18'}
    cpu: [arm64]
    os: [linux]

  '@esbuild/linux-arm@0.27.2':
    resolution: {integrity: sha512-vWfq4GaIMP9AIe4yj1ZUW18RDhx6EPQKjwe7n8BbIecFtCQG4CfHGaHuh7fdfq+y3LIA2vGS/o9ZBGVxIDi9hw==}
    engines: {node: '>=18'}
    cpu: [arm]
    os: [linux]

  '@esbuild/linux-ia32@0.27.2':
    resolution: {integrity: sha512-MJt5BRRSScPDwG2hLelYhAAKh9imjHK5+NE/tvnRLbIqUWa+0E9N4WNMjmp/kXXPHZGqPLxggwVhz7QP8CTR8w==}
    engines: {node: '>=18'}
    cpu: [ia32]
    os: [linux]

  '@esbuild/linux-loong64@0.27.2':
    resolution: {integrity: sha512-lugyF1atnAT463aO6KPshVCJK5NgRnU4yb3FUumyVz+cGvZbontBgzeGFO1nF+dPueHD367a2ZXe1NtUkAjOtg==}
    engines: {node: '>=18'}
    cpu: [loong64]
    os: [linux]

  '@esbuild/linux-mips64el@0.27.2':
    resolution: {integrity: sha512-nlP2I6ArEBewvJ2gjrrkESEZkB5mIoaTswuqNFRv/WYd+ATtUpe9Y09RnJvgvdag7he0OWgEZWhviS1OTOKixw==}
    engines: {node: '>=18'}
    cpu: [mips64el]
    os: [linux]

  '@esbuild/linux-ppc64@0.27.2':
    resolution: {integrity: sha512-C92gnpey7tUQONqg1n6dKVbx3vphKtTHJaNG2Ok9lGwbZil6DrfyecMsp9CrmXGQJmZ7iiVXvvZH6Ml5hL6XdQ==}
    engines: {node: '>=18'}
    cpu: [ppc64]
    os: [linux]

  '@esbuild/linux-riscv64@0.27.2':
    resolution: {integrity: sha512-B5BOmojNtUyN8AXlK0QJyvjEZkWwy/FKvakkTDCziX95AowLZKR6aCDhG7LeF7uMCXEJqwa8Bejz5LTPYm8AvA==}
    engines: {node: '>=18'}
    cpu: [riscv64]
    os: [linux]

  '@esbuild/linux-s390x@0.27.2':
    resolution: {integrity: sha512-p4bm9+wsPwup5Z8f4EpfN63qNagQ47Ua2znaqGH6bqLlmJ4bx97Y9JdqxgGZ6Y8xVTixUnEkoKSHcpRlDnNr5w==}
    engines: {node: '>=18'}
    cpu: [s390x]
    os: [linux]

  '@esbuild/linux-x64@0.27.2':
    resolution: {integrity: sha512-uwp2Tip5aPmH+NRUwTcfLb+W32WXjpFejTIOWZFw/v7/KnpCDKG66u4DLcurQpiYTiYwQ9B7KOeMJvLCu/OvbA==}
    engines: {node: '>=18'}
    cpu: [x64]
    os: [linux]

  '@esbuild/netbsd-arm64@0.27.2':
    resolution: {integrity: sha512-Kj6DiBlwXrPsCRDeRvGAUb/LNrBASrfqAIok+xB0LxK8CHqxZ037viF13ugfsIpePH93mX7xfJp97cyDuTZ3cw==}
    engines: {node: '>=18'}
    cpu: [arm64]
    os: [netbsd]

  '@esbuild/netbsd-x64@0.27.2':
    resolution: {integrity: sha512-HwGDZ0VLVBY3Y+Nw0JexZy9o/nUAWq9MlV7cahpaXKW6TOzfVno3y3/M8Ga8u8Yr7GldLOov27xiCnqRZf0tCA==}
    engines: {node: '>=18'}
    cpu: [x64]
    os: [netbsd]

  '@esbuild/openbsd-arm64@0.27.2':
    resolution: {integrity: sha512-DNIHH2BPQ5551A7oSHD0CKbwIA/Ox7+78/AWkbS5QoRzaqlev2uFayfSxq68EkonB+IKjiuxBFoV8ESJy8bOHA==}
    engines: {node: '>=18'}
    cpu: [arm64]
    os: [openbsd]

  '@esbuild/openbsd-x64@0.27.2':
    resolution: {integrity: sha512-/it7w9Nb7+0KFIzjalNJVR5bOzA9Vay+yIPLVHfIQYG/j+j9VTH84aNB8ExGKPU4AzfaEvN9/V4HV+F+vo8OEg==}
    engines: {node: '>=18'}
    cpu: [x64]
    os: [openbsd]

  '@esbuild/openharmony-arm64@0.27.2':
    resolution: {integrity: sha512-LRBbCmiU51IXfeXk59csuX/aSaToeG7w48nMwA6049Y4J4+VbWALAuXcs+qcD04rHDuSCSRKdmY63sruDS5qag==}
    engines: {node: '>=18'}
    cpu: [arm64]
    os: [openharmony]

  '@esbuild/sunos-x64@0.27.2':
    resolution: {integrity: sha512-kMtx1yqJHTmqaqHPAzKCAkDaKsffmXkPHThSfRwZGyuqyIeBvf08KSsYXl+abf5HDAPMJIPnbBfXvP2ZC2TfHg==}
    engines: {node: '>=18'}
    cpu: [x64]
    os: [sunos]

  '@esbuild/win32-arm64@0.27.2':
    resolution: {integrity: sha512-Yaf78O/B3Kkh+nKABUF++bvJv5Ijoy9AN1ww904rOXZFLWVc5OLOfL56W+C8F9xn5JQZa3UX6m+IktJnIb1Jjg==}
    engines: {node: '>=18'}
    cpu: [arm64]
    os: [win32]

  '@esbuild/win32-ia32@0.27.2':
    resolution: {integrity: sha512-Iuws0kxo4yusk7sw70Xa2E2imZU5HoixzxfGCdxwBdhiDgt9vX9VUCBhqcwY7/uh//78A1hMkkROMJq9l27oLQ==}
    engines: {node: '>=18'}
    cpu: [ia32]
    os: [win32]

  '@esbuild/win32-x64@0.27.2':
    resolution: {integrity: sha512-sRdU18mcKf7F+YgheI/zGf5alZatMUTKj/jNS6l744f9u3WFu4v7twcUI9vu4mknF4Y9aDlblIie0IM+5xxaqQ==}
    engines: {node: '>=18'}
    cpu: [x64]
    os: [win32]

  '@ffmpeg/core@0.12.10':
    resolution: {integrity: sha512-dzNplnn2Nxle2c2i2rrDhqcB19q9cglCkWnoMTDN9Q9l3PvdjZWd1HfSPjCNWc/p8Q3CT+Es9fWOR0UhAeYQZA==}
    engines: {node: '>=16.x'}

  '@ffmpeg/ffmpeg@0.12.15':
    resolution: {integrity: sha512-1C8Obr4GsN3xw+/1Ww6PFM84wSQAGsdoTuTWPOj2OizsRDLT4CXTaVjPhkw6ARyDus1B9X/L2LiXHqYYsGnRFw==}
    engines: {node: '>=18.x'}

  '@ffmpeg/types@0.12.4':
    resolution: {integrity: sha512-k9vJQNBGTxE5AhYDtOYR5rO5fKsspbg51gbcwtbkw2lCdoIILzklulcjJfIDwrtn7XhDeF2M+THwJ2FGrLeV6A==}
    engines: {node: '>=16.x'}

  '@napi-rs/wasm-runtime@1.1.4':
    resolution: {integrity: sha512-3NQNNgA1YSlJb/kMH1ildASP9HW7/7kYnRI2szWJaofaS1hWmbGI4H+d3+22aGzXXN9IJ+n+GiFVcGipJP18ow==}
    peerDependencies:
      '@emnapi/core': ^1.7.1
      '@emnapi/runtime': ^1.7.1

  '@oxc-project/types@0.126.0':
    resolution: {integrity: sha512-oGfVtjAgwQVVpfBrbtk4e1XDyWHRFta6BS3GWVzrF8xYBT2VGQAk39yJS/wFSMrZqoiCU4oghT3Ch0HaHGIHcQ==}

  '@rolldown/binding-android-arm64@1.0.0-rc.16':
    resolution: {integrity: sha512-rhY3k7Bsae9qQfOtph2Pm2jZEA+s8Gmjoz4hhmx70K9iMQ/ddeae+xhRQcM5IuVx5ry1+bGfkvMn7D6MJggVSA==}
    engines: {node: ^20.19.0 || >=22.12.0}
    cpu: [arm64]
    os: [android]

  '@rolldown/binding-darwin-arm64@1.0.0-rc.16':
    resolution: {integrity: sha512-rNz0yK078yrNn3DrdgN+PKiMOW8HfQ92jQiXxwX8yW899ayV00MLVdaCNeVBhG/TbH3ouYVObo8/yrkiectkcQ==}
    engines: {node: ^20.19.0 || >=22.12.0}
    cpu: [arm64]
    os: [darwin]

  '@rolldown/binding-darwin-x64@1.0.0-rc.16':
    resolution: {integrity: sha512-r/OmdR00HmD4i79Z//xO06uEPOq5hRXdhw7nzkxQxwSavs3PSHa1ijntdpOiZ2mzOQ3fVVu8C1M19FoNM+dMUQ==}
    engines: {node: ^20.19.0 || >=22.12.0}
    cpu: [x64]
    os: [darwin]

  '@rolldown/binding-freebsd-x64@1.0.0-rc.16':
    resolution: {integrity: sha512-KcRE5w8h0OnjUatG8pldyD14/CQ5Phs1oxfR+3pKDjboHRo9+MkqQaiIZlZRpsxC15paeXme/I127tUa9TXJ6g==}
    engines: {node: ^20.19.0 || >=22.12.0}
    cpu: [x64]
    os: [freebsd]

  '@rolldown/binding-linux-arm-gnueabihf@1.0.0-rc.16':
    resolution: {integrity: sha512-bT0guA1bpxEJ/ZhTRniQf7rNF8ybvXOuWbNIeLABaV5NGjx4EtOWBTSRGWFU9ZWVkPOZ+HNFP8RMcBokBiZ0Kg==}
    engines: {node: ^20.19.0 || >=22.12.0}
    cpu: [arm]
    os: [linux]

  '@rolldown/binding-linux-arm64-gnu@1.0.0-rc.16':
    resolution: {integrity: sha512-+tHktCHWV8BDQSjemUqm/Jl/TPk3QObCTIjmdDy/nlupcujZghmKK2962LYrqFpWu+ai01AN/REOH3NEpqvYQg==}
    engines: {node: ^20.19.0 || >=22.12.0}
    cpu: [arm64]
    os: [linux]
    libc: [glibc]

  '@rolldown/binding-linux-arm64-musl@1.0.0-rc.16':
    resolution: {integrity: sha512-3fPzdREH806oRLxpTWW1Gt4tQHs0TitZFOECB2xzCFLPKnSOy90gwA7P29cksYilFO6XVRY1kzga0cL2nRjKPg==}
    engines: {node: ^20.19.0 || >=22.12.0}
    cpu: [arm64]
    os: [linux]
    libc: [musl]

  '@rolldown/binding-linux-ppc64-gnu@1.0.0-rc.16':
    resolution: {integrity: sha512-EKwI1tSrLs7YVw+JPJT/G2dJQ1jl9qlTTTEG0V2Ok/RdOenRfBw2PQdLPyjhIu58ocdBfP7vIRN/pvMsPxs/AQ==}
    engines: {node: ^20.19.0 || >=22.12.0}
    cpu: [ppc64]
    os: [linux]
    libc: [glibc]

  '@rolldown/binding-linux-s390x-gnu@1.0.0-rc.16':
    resolution: {integrity: sha512-Uknladnb3Sxqu6SEcqBldQyJUpk8NleooZEc0MbRBJ4inEhRYWZX0NJu12vNf2mqAq7gsofAxHrGghiUYjhaLQ==}
    engines: {node: ^20.19.0 || >=22.12.0}
    cpu: [s390x]
    os: [linux]
    libc: [glibc]

  '@rolldown/binding-linux-x64-gnu@1.0.0-rc.16':
    resolution: {integrity: sha512-FIb8+uG49sZBtLTn+zt1AJ20TqVcqWeSIyoVt0or7uAWesgKaHbiBh6OpA/k9v0LTt+PTrb1Lao133kP4uVxkg==}
    engines: {node: ^20.19.0 || >=22.12.0}
    cpu: [x64]
    os: [linux]
    libc: [glibc]

  '@rolldown/binding-linux-x64-musl@1.0.0-rc.16':
    resolution: {integrity: sha512-RuERhF9/EgWxZEXYWCOaViUWHIboceK4/ivdtQ3R0T44NjLkIIlGIAVAuCddFxsZ7vnRHtNQUrt2vR2n2slB2w==}
    engines: {node: ^20.19.0 || >=22.12.0}
    cpu: [x64]
    os: [linux]
    libc: [musl]

  '@rolldown/binding-openharmony-arm64@1.0.0-rc.16':
    resolution: {integrity: sha512-mXcXnvd9GpazCxeUCCnZ2+YF7nut+ZOEbE4GtaiPtyY6AkhZWbK70y1KK3j+RDhjVq5+U8FySkKRb/+w0EeUwA==}
    engines: {node: ^20.19.0 || >=22.12.0}
    cpu: [arm64]
    os: [openharmony]

  '@rolldown/binding-wasm32-wasi@1.0.0-rc.16':
    resolution: {integrity: sha512-3Q2KQxnC8IJOLqXmUMoYwyIPZU9hzRbnHaoV3Euz+VVnjZKcY8ktnNP8T9R4/GGQtb27C/UYKABxesKWb8lsvQ==}
    engines: {node: ^20.19.0 || >=22.12.0}
    cpu: [wasm32]

  '@rolldown/binding-win32-arm64-msvc@1.0.0-rc.16':
    resolution: {integrity: sha512-tj7XRemQcOcFwv7qhpUxMTBbI5mWMlE4c1Omhg5+h8GuLXzyj8HviYgR+bB2DMDgRqUE+jiDleqSCRjx4aYk/Q==}
    engines: {node: ^20.19.0 || >=22.12.0}
    cpu: [arm64]
    os: [win32]

  '@rolldown/binding-win32-x64-msvc@1.0.0-rc.16':
    resolution: {integrity: sha512-PH5DRZT+F4f2PTXRXR8uJxnBq2po/xFtddyabTJVJs/ZYVHqXPEgNIr35IHTEa6bpa0Q8Awg+ymkTaGnKITw4g==}
    engines: {node: ^20.19.0 || >=22.12.0}
    cpu: [x64]
    os: [win32]

  '@rolldown/pluginutils@1.0.0-rc.16':
    resolution: {integrity: sha512-45+YtqxLYKDWQouLKCrpIZhke+nXxhsw+qAHVzHDVwttyBlHNBVs2K25rDXrZzhpTp9w1FlAlvweV1H++fdZoA==}

  '@tybys/wasm-util@0.10.1':
    resolution: {integrity: sha512-9tTaPJLSiejZKx+Bmog4uSubteqTvFrVrURwkmHixBo0G4seD0zUxp98E1DzUBJxLQ3NPwXrGKDiVjwx/DpPsg==}

  '@types/color-convert@2.0.4':
    resolution: {integrity: sha512-Ub1MmDdyZ7mX//g25uBAoH/mWGd9swVbt8BseymnaE18SU4po/PjmCrHxqIIRjBo3hV/vh1KGr0eMxUhp+t+dQ==}

  '@types/color-name@1.1.5':
    resolution: {integrity: sha512-j2K5UJqGTxeesj6oQuGpMgifpT5k9HprgQd8D1Y0lOFqKHl3PJu5GMeS4Y5EgjS55AE6OQxf8mPED9uaGbf4Cg==}

  '@types/color@4.2.1':
    resolution: {integrity: sha512-ResWeDLy1vozIMbD6JLRKuNBbIcIlBkjTIxVHHd5Cqtm77T+ahH3BWE/PWv1OhFd1HAwcn8no4ig2uTaRXpYQQ==}

  '@types/css-font-loading-module@0.0.14':
    resolution: {integrity: sha512-+EwJ/RW2vPqbYn0JXRHy593huPCtgmLF/kg57iLK9KUn6neTqGGOTZ0CbssP8Uou/gqT/5XmWKQ8A7ve7xNV6A==}

  color-convert@3.1.3:
    resolution: {integrity: sha512-fasDH2ont2GqF5HpyO4w0+BcewlhHEZOFn9c1ckZdHpJ56Qb7MHhH/IcJZbBGgvdtwdwNbLvxiBEdg336iA9Sg==}
    engines: {node: '>=14.6'}

  color-name@2.1.0:
    resolution: {integrity: sha512-1bPaDNFm0axzE4MEAzKPuqKWeRaT43U/hyxKPBdqTfmPF+d6n7FSoTFxLVULUJOmiLp01KjhIPPH+HrXZJN4Rg==}
    engines: {node: '>=12.20'}

  color-string@2.1.3:
    resolution: {integrity: sha512-r/wfcFshhORndnDjn3GtNVLA4QL4TAi0A/XIBNuWUIEAVyUBNWYLuckrDz/JM1aQlpIDzKuY5hAYdHcLYgwJsg==}
    engines: {node: '>=18'}

  color@5.0.3:
    resolution: {integrity: sha512-ezmVcLR3xAVp8kYOm4GS45ZLLgIE6SPAFoduLr6hTDajwb3KZ2F46gulK3XpcwRFb5KKGCSezCBAY4Dw4HsyXA==}
    engines: {node: '>=18'}

  detect-libc@2.1.2:
    resolution: {integrity: sha512-Btj2BOOO83o3WyH59e8MgXsxEQVcarkUOpEYrubB0urwnN10yQ364rsiByU11nZlqWYZm05i/of7io4mzihBtQ==}
    engines: {node: '>=8'}

  esbuild@0.27.2:
    resolution: {integrity: sha512-HyNQImnsOC7X9PMNaCIeAm4ISCQXs5a5YasTXVliKv4uuBo1dKrG0A+uQS8M5eXjVMnLg3WgXaKvprHlFJQffw==}
    engines: {node: '>=18'}
    hasBin: true

  fdir@6.5.0:
    resolution: {integrity: sha512-tIbYtZbucOs0BRGqPJkshJUYdL+SDH7dVM8gjy+ERp3WAUjLEFJE+02kanyHtwjWOnwrKYBiwAmM0p4kLJAnXg==}
    engines: {node: '>=12.0.0'}
    peerDependencies:
      picomatch: ^3 || ^4
    peerDependenciesMeta:
      picomatch:
        optional: true

  fsevents@2.3.3:
    resolution: {integrity: sha512-5xoDfX+fL7faATnagmWPpbFtwh/R77WmMMqqHGS65C3vvB0YHrgF+B1YmZ3441tMj5n63k0212XNoJwzlhffQw==}
    engines: {node: ^8.16.0 || ^10.6.0 || >=11.0.0}
    os: [darwin]

  just-random-integer@4.2.0:
    resolution: {integrity: sha512-MfabwcY+RQNCVCmZZkTYDpk/AT315+7Rkoj59+abzYxgUOiSdoZ4G5hbK/4VZqdHScu95Wnd+1MqxyUETM6xuQ==}

  lightningcss-android-arm64@1.32.0:
    resolution: {integrity: sha512-YK7/ClTt4kAK0vo6w3X+Pnm0D2cf2vPHbhOXdoNti1Ga0al1P4TBZhwjATvjNwLEBCnKvjJc2jQgHXH0NEwlAg==}
    engines: {node: '>= 12.0.0'}
    cpu: [arm64]
    os: [android]

  lightningcss-darwin-arm64@1.32.0:
    resolution: {integrity: sha512-RzeG9Ju5bag2Bv1/lwlVJvBE3q6TtXskdZLLCyfg5pt+HLz9BqlICO7LZM7VHNTTn/5PRhHFBSjk5lc4cmscPQ==}
    engines: {node: '>= 12.0.0'}
    cpu: [arm64]
    os: [darwin]

  lightningcss-darwin-x64@1.32.0:
    resolution: {integrity: sha512-U+QsBp2m/s2wqpUYT/6wnlagdZbtZdndSmut/NJqlCcMLTWp5muCrID+K5UJ6jqD2BFshejCYXniPDbNh73V8w==}
    engines: {node: '>= 12.0.0'}
    cpu: [x64]
    os: [darwin]

  lightningcss-freebsd-x64@1.32.0:
    resolution: {integrity: sha512-JCTigedEksZk3tHTTthnMdVfGf61Fky8Ji2E4YjUTEQX14xiy/lTzXnu1vwiZe3bYe0q+SpsSH/CTeDXK6WHig==}
    engines: {node: '>= 12.0.0'}
    cpu: [x64]
    os: [freebsd]

  lightningcss-linux-arm-gnueabihf@1.32.0:
    resolution: {integrity: sha512-x6rnnpRa2GL0zQOkt6rts3YDPzduLpWvwAF6EMhXFVZXD4tPrBkEFqzGowzCsIWsPjqSK+tyNEODUBXeeVHSkw==}
    engines: {node: '>= 12.0.0'}
    cpu: [arm]
    os: [linux]

  lightningcss-linux-arm64-gnu@1.32.0:
    resolution: {integrity: sha512-0nnMyoyOLRJXfbMOilaSRcLH3Jw5z9HDNGfT/gwCPgaDjnx0i8w7vBzFLFR1f6CMLKF8gVbebmkUN3fa/kQJpQ==}
    engines: {node: '>= 12.0.0'}
    cpu: [arm64]
    os: [linux]
    libc: [glibc]

  lightningcss-linux-arm64-musl@1.32.0:
    resolution: {integrity: sha512-UpQkoenr4UJEzgVIYpI80lDFvRmPVg6oqboNHfoH4CQIfNA+HOrZ7Mo7KZP02dC6LjghPQJeBsvXhJod/wnIBg==}
    engines: {node: '>= 12.0.0'}
    cpu: [arm64]
    os: [linux]
    libc: [musl]

  lightningcss-linux-x64-gnu@1.32.0:
    resolution: {integrity: sha512-V7Qr52IhZmdKPVr+Vtw8o+WLsQJYCTd8loIfpDaMRWGUZfBOYEJeyJIkqGIDMZPwPx24pUMfwSxxI8phr/MbOA==}
    engines: {node: '>= 12.0.0'}
    cpu: [x64]
    os: [linux]
    libc: [glibc]

  lightningcss-linux-x64-musl@1.32.0:
    resolution: {integrity: sha512-bYcLp+Vb0awsiXg/80uCRezCYHNg1/l3mt0gzHnWV9XP1W5sKa5/TCdGWaR/zBM2PeF/HbsQv/j2URNOiVuxWg==}
    engines: {node: '>= 12.0.0'}
    cpu: [x64]
    os: [linux]
    libc: [musl]

  lightningcss-win32-arm64-msvc@1.32.0:
    resolution: {integrity: sha512-8SbC8BR40pS6baCM8sbtYDSwEVQd4JlFTOlaD3gWGHfThTcABnNDBda6eTZeqbofalIJhFx0qKzgHJmcPTnGdw==}
    engines: {node: '>= 12.0.0'}
    cpu: [arm64]
    os: [win32]

  lightningcss-win32-x64-msvc@1.32.0:
    resolution: {integrity: sha512-Amq9B/SoZYdDi1kFrojnoqPLxYhQ4Wo5XiL8EVJrVsB8ARoC1PWW6VGtT0WKCemjy8aC+louJnjS7U18x3b06Q==}
    engines: {node: '>= 12.0.0'}
    cpu: [x64]
    os: [win32]

  lightningcss@1.32.0:
    resolution: {integrity: sha512-NXYBzinNrblfraPGyrbPoD19C1h9lfI/1mzgWYvXUTe414Gz/X1FD2XBZSZM7rRTrMA8JL3OtAaGifrIKhQ5yQ==}
    engines: {node: '>= 12.0.0'}

  nanoid@3.3.11:
    resolution: {integrity: sha512-N8SpfPUnUp1bK+PMYW8qSWdl9U+wwNWI4QKxOYDy9JAro3WMX7p2OeVRF9v+347pnakNevPmiHhNmZ2HbFA76w==}
    engines: {node: ^10 || ^12 || ^13.7 || ^14 || >=15.0.1}
    hasBin: true

  parse-uri@1.0.7:
    resolution: {integrity: sha512-eWuZCMKNlVkXrEoANdXxbmqhu2SQO9jUMCSpdbJDObin0JxISn6e400EWsSRbr/czdKvWKkhZnMKEGUwf/Plmg==}
    engines: {node: '>= 0.10'}

  picocolors@1.1.1:
    resolution: {integrity: sha512-xceH2snhtb5M9liqDsmEw56le376mTZkEX/jEb/RxNFyegNul7eNslCXP9FDj/Lcu0X8KEyMceP2ntpaHrDEVA==}

  picomatch@4.0.4:
    resolution: {integrity: sha512-QP88BAKvMam/3NxH6vj2o21R6MjxZUAd6nlwAS/pnGvN9IVLocLHxGYIzFhg6fUQ+5th6P4dv4eW9jX3DSIj7A==}
    engines: {node: '>=12'}

  postcss@8.5.10:
    resolution: {integrity: sha512-pMMHxBOZKFU6HgAZ4eyGnwXF/EvPGGqUr0MnZ5+99485wwW41kW91A4LOGxSHhgugZmSChL5AlElNdwlNgcnLQ==}
    engines: {node: ^10 || ^12 || >=14}

  resource-loader@4.0.0-rc4:
    resolution: {integrity: sha512-DuGS7xVDnL6rlDj0gU103N8CGGbEPkwqrIoZlL22/rGb97azFHgeb3DG53INW1MZCiAv9MUZfuk9ZxCIMBCM6g==}

  rolldown@1.0.0-rc.16:
    resolution: {integrity: sha512-rzi5WqKzEZw3SooTt7cgm4eqIoujPIyGcJNGFL7iPEuajQw7vxMHUkXylu4/vhCkJGXsgRmxqMKXUpT6FEgl0g==}
    engines: {node: ^20.19.0 || >=22.12.0}
    hasBin: true

  source-map-js@1.2.1:
    resolution: {integrity: sha512-UXWMKhLOwVKb728IUtQPXxfYU+usdybtUrK/8uGE8CQMvrhOpwvzDBwj0QhSL7MQc7vIsISBG8VQ8+IDQxpfQA==}
    engines: {node: '>=0.10.0'}

  tinyglobby@0.2.16:
    resolution: {integrity: sha512-pn99VhoACYR8nFHhxqix+uvsbXineAasWm5ojXoN8xEwK5Kd3/TrhNn1wByuD52UxWRLy8pu+kRMniEi6Eq9Zg==}
    engines: {node: '>=12.0.0'}

  tslib@2.8.1:
    resolution: {integrity: sha512-oJFu94HQb+KVduSUQL7wnpmqnfmLsOA/nAh6b6EH0wCEoK0/mPeXU6c3wKDV83MkOuHPRHtSXKKU99IBazS/2w==}

  type-signals@1.1.0:
    resolution: {integrity: sha512-JzmQSmRNTIcQofZdYW9RHxAP8rrcq/N5I2fBy+V43oOqikOvsCTYlOIIX40Qpmr5GiRmYrptghIog84E1yz1Zg==}

  typescript@5.9.3:
    resolution: {integrity: sha512-jl1vZzPDinLr9eUt3J/t7V6FgNEw9QjvBPdysz9KfQDD41fQrC2Y4vKQdiaUpFT4bXlb1RHhLpp8wtm6M5TgSw==}
    engines: {node: '>=14.17'}
    hasBin: true

  vite@8.0.9:
    resolution: {integrity: sha512-t7g7GVRpMXjNpa67HaVWI/8BWtdVIQPCL2WoozXXA7LBGEFK4AkkKkHx2hAQf5x1GZSlcmEDPkVLSGahxnEEZw==}
    engines: {node: ^20.19.0 || >=22.12.0}
    hasBin: true
    peerDependencies:
      '@types/node': ^20.19.0 || >=22.12.0
      '@vitejs/devtools': ^0.1.0
      esbuild: ^0.27.0 || ^0.28.0
      jiti: '>=1.21.0'
      less: ^4.0.0
      sass: ^1.70.0
      sass-embedded: ^1.70.0
      stylus: '>=0.54.8'
      sugarss: ^5.0.0
      terser: ^5.16.0
      tsx: ^4.8.1
      yaml: ^2.4.2
    peerDependenciesMeta:
      '@types/node':
        optional: true
      '@vitejs/devtools':
        optional: true
      esbuild:
        optional: true
      jiti:
        optional: true
      less:
        optional: true
      sass:
        optional: true
      sass-embedded:
        optional: true
      stylus:
        optional: true
      sugarss:
        optional: true
      terser:
        optional: true
      tsx:
        optional: true
      yaml:
        optional: true

snapshots:

  '@emnapi/core@1.9.2':
    dependencies:
      '@emnapi/wasi-threads': 1.2.1
      tslib: 2.8.1
    optional: true

  '@emnapi/runtime@1.9.2':
    dependencies:
      tslib: 2.8.1
    optional: true

  '@emnapi/wasi-threads@1.2.1':
    dependencies:
      tslib: 2.8.1
    optional: true

  '@esbuild/aix-ppc64@0.27.2':
    optional: true

  '@esbuild/android-arm64@0.27.2':
    optional: true

  '@esbuild/android-arm@0.27.2':
    optional: true

  '@esbuild/android-x64@0.27.2':
    optional: true

  '@esbuild/darwin-arm64@0.27.2':
    optional: true

  '@esbuild/darwin-x64@0.27.2':
    optional: true

  '@esbuild/freebsd-arm64@0.27.2':
    optional: true

  '@esbuild/freebsd-x64@0.27.2':
    optional: true

  '@esbuild/linux-arm64@0.27.2':
    optional: true

  '@esbuild/linux-arm@0.27.2':
    optional: true

  '@esbuild/linux-ia32@0.27.2':
    optional: true

  '@esbuild/linux-loong64@0.27.2':
    optional: true

  '@esbuild/linux-mips64el@0.27.2':
    optional: true

  '@esbuild/linux-ppc64@0.27.2':
    optional: true

  '@esbuild/linux-riscv64@0.27.2':
    optional: true

  '@esbuild/linux-s390x@0.27.2':
    optional: true

  '@esbuild/linux-x64@0.27.2':
    optional: true

  '@esbuild/netbsd-arm64@0.27.2':
    optional: true

  '@esbuild/netbsd-x64@0.27.2':
    optional: true

  '@esbuild/openbsd-arm64@0.27.2':
    optional: true

  '@esbuild/openbsd-x64@0.27.2':
    optional: true

  '@esbuild/openharmony-arm64@0.27.2':
    optional: true

  '@esbuild/sunos-x64@0.27.2':
    optional: true

  '@esbuild/win32-arm64@0.27.2':
    optional: true

  '@esbuild/win32-ia32@0.27.2':
    optional: true

  '@esbuild/win32-x64@0.27.2':
    optional: true

  '@ffmpeg/core@0.12.10': {}

  '@ffmpeg/ffmpeg@0.12.15':
    dependencies:
      '@ffmpeg/types': 0.12.4

  '@ffmpeg/types@0.12.4': {}

  '@napi-rs/wasm-runtime@1.1.4(@emnapi/core@1.9.2)(@emnapi/runtime@1.9.2)':
    dependencies:
      '@emnapi/core': 1.9.2
      '@emnapi/runtime': 1.9.2
      '@tybys/wasm-util': 0.10.1
    optional: true

  '@oxc-project/types@0.126.0': {}

  '@rolldown/binding-android-arm64@1.0.0-rc.16':
    optional: true

  '@rolldown/binding-darwin-arm64@1.0.0-rc.16':
    optional: true

  '@rolldown/binding-darwin-x64@1.0.0-rc.16':
    optional: true

  '@rolldown/binding-freebsd-x64@1.0.0-rc.16':
    optional: true

  '@rolldown/binding-linux-arm-gnueabihf@1.0.0-rc.16':
    optional: true

  '@rolldown/binding-linux-arm64-gnu@1.0.0-rc.16':
    optional: true

  '@rolldown/binding-linux-arm64-musl@1.0.0-rc.16':
    optional: true

  '@rolldown/binding-linux-ppc64-gnu@1.0.0-rc.16':
    optional: true

  '@rolldown/binding-linux-s390x-gnu@1.0.0-rc.16':
    optional: true

  '@rolldown/binding-linux-x64-gnu@1.0.0-rc.16':
    optional: true

  '@rolldown/binding-linux-x64-musl@1.0.0-rc.16':
    optional: true

  '@rolldown/binding-openharmony-arm64@1.0.0-rc.16':
    optional: true

  '@rolldown/binding-wasm32-wasi@1.0.0-rc.16':
    dependencies:
      '@emnapi/core': 1.9.2
      '@emnapi/runtime': 1.9.2
      '@napi-rs/wasm-runtime': 1.1.4(@emnapi/core@1.9.2)(@emnapi/runtime@1.9.2)
    optional: true

  '@rolldown/binding-win32-arm64-msvc@1.0.0-rc.16':
    optional: true

  '@rolldown/binding-win32-x64-msvc@1.0.0-rc.16':
    optional: true

  '@rolldown/pluginutils@1.0.0-rc.16': {}

  '@tybys/wasm-util@0.10.1':
    dependencies:
      tslib: 2.8.1
    optional: true

  '@types/color-convert@2.0.4':
    dependencies:
      '@types/color-name': 1.1.5

  '@types/color-name@1.1.5': {}

  '@types/color@4.2.1':
    dependencies:
      '@types/color-convert': 2.0.4

  '@types/css-font-loading-module@0.0.14': {}

  color-convert@3.1.3:
    dependencies:
      color-name: 2.1.0

  color-name@2.1.0: {}

  color-string@2.1.3:
    dependencies:
      color-name: 2.1.0

  color@5.0.3:
    dependencies:
      color-convert: 3.1.3
      color-string: 2.1.3

  detect-libc@2.1.2: {}

  esbuild@0.27.2:
    optionalDependencies:
      '@esbuild/aix-ppc64': 0.27.2
      '@esbuild/android-arm': 0.27.2
      '@esbuild/android-arm64': 0.27.2
      '@esbuild/android-x64': 0.27.2
      '@esbuild/darwin-arm64': 0.27.2
      '@esbuild/darwin-x64': 0.27.2
      '@esbuild/freebsd-arm64': 0.27.2
      '@esbuild/freebsd-x64': 0.27.2
      '@esbuild/linux-arm': 0.27.2
      '@esbuild/linux-arm64': 0.27.2
      '@esbuild/linux-ia32': 0.27.2
      '@esbuild/linux-loong64': 0.27.2
      '@esbuild/linux-mips64el': 0.27.2
      '@esbuild/linux-ppc64': 0.27.2
      '@esbuild/linux-riscv64': 0.27.2
      '@esbuild/linux-s390x': 0.27.2
      '@esbuild/linux-x64': 0.27.2
      '@esbuild/netbsd-arm64': 0.27.2
      '@esbuild/netbsd-x64': 0.27.2
      '@esbuild/openbsd-arm64': 0.27.2
      '@esbuild/openbsd-x64': 0.27.2
      '@esbuild/openharmony-arm64': 0.27.2
      '@esbuild/sunos-x64': 0.27.2
      '@esbuild/win32-arm64': 0.27.2
      '@esbuild/win32-ia32': 0.27.2
      '@esbuild/win32-x64': 0.27.2
    optional: true

  fdir@6.5.0(picomatch@4.0.4):
    optionalDependencies:
      picomatch: 4.0.4

  fsevents@2.3.3:
    optional: true

  just-random-integer@4.2.0: {}

  lightningcss-android-arm64@1.32.0:
    optional: true

  lightningcss-darwin-arm64@1.32.0:
    optional: true

  lightningcss-darwin-x64@1.32.0:
    optional: true

  lightningcss-freebsd-x64@1.32.0:
    optional: true

  lightningcss-linux-arm-gnueabihf@1.32.0:
    optional: true

  lightningcss-linux-arm64-gnu@1.32.0:
    optional: true

  lightningcss-linux-arm64-musl@1.32.0:
    optional: true

  lightningcss-linux-x64-gnu@1.32.0:
    optional: true

  lightningcss-linux-x64-musl@1.32.0:
    optional: true

  lightningcss-win32-arm64-msvc@1.32.0:
    optional: true

  lightningcss-win32-x64-msvc@1.32.0:
    optional: true

  lightningcss@1.32.0:
    dependencies:
      detect-libc: 2.1.2
    optionalDependencies:
      lightningcss-android-arm64: 1.32.0
      lightningcss-darwin-arm64: 1.32.0
      lightningcss-darwin-x64: 1.32.0
      lightningcss-freebsd-x64: 1.32.0
      lightningcss-linux-arm-gnueabihf: 1.32.0
      lightningcss-linux-arm64-gnu: 1.32.0
      lightningcss-linux-arm64-musl: 1.32.0
      lightningcss-linux-x64-gnu: 1.32.0
      lightningcss-linux-x64-musl: 1.32.0
      lightningcss-win32-arm64-msvc: 1.32.0
      lightningcss-win32-x64-msvc: 1.32.0

  nanoid@3.3.11: {}

  parse-uri@1.0.7: {}

  picocolors@1.1.1: {}

  picomatch@4.0.4: {}

  postcss@8.5.10:
    dependencies:
      nanoid: 3.3.11
      picocolors: 1.1.1
      source-map-js: 1.2.1

  resource-loader@4.0.0-rc4:
    dependencies:
      parse-uri: 1.0.7
      type-signals: 1.1.0

  rolldown@1.0.0-rc.16:
    dependencies:
      '@oxc-project/types': 0.126.0
      '@rolldown/pluginutils': 1.0.0-rc.16
    optionalDependencies:
      '@rolldown/binding-android-arm64': 1.0.0-rc.16
      '@rolldown/binding-darwin-arm64': 1.0.0-rc.16
      '@rolldown/binding-darwin-x64': 1.0.0-rc.16
      '@rolldown/binding-freebsd-x64': 1.0.0-rc.16
      '@rolldown/binding-linux-arm-gnueabihf': 1.0.0-rc.16
      '@rolldown/binding-linux-arm64-gnu': 1.0.0-rc.16
      '@rolldown/binding-linux-arm64-musl': 1.0.0-rc.16
      '@rolldown/binding-linux-ppc64-gnu': 1.0.0-rc.16
      '@rolldown/binding-linux-s390x-gnu': 1.0.0-rc.16
      '@rolldown/binding-linux-x64-gnu': 1.0.0-rc.16
      '@rolldown/binding-linux-x64-musl': 1.0.0-rc.16
      '@rolldown/binding-openharmony-arm64': 1.0.0-rc.16
      '@rolldown/binding-wasm32-wasi': 1.0.0-rc.16
      '@rolldown/binding-win32-arm64-msvc': 1.0.0-rc.16
      '@rolldown/binding-win32-x64-msvc': 1.0.0-rc.16

  source-map-js@1.2.1: {}

  tinyglobby@0.2.16:
    dependencies:
      fdir: 6.5.0(picomatch@4.0.4)
      picomatch: 4.0.4

  tslib@2.8.1:
    optional: true

  type-signals@1.1.0: {}

  typescript@5.9.3: {}

  vite@8.0.9(esbuild@0.27.2):
    dependencies:
      lightningcss: 1.32.0
      picomatch: 4.0.4
      postcss: 8.5.10
      rolldown: 1.0.0-rc.16
      tinyglobby: 0.2.16
    optionalDependencies:
      esbuild: 0.27.2
      fsevents: 2.3.3
